
Microsoft Visual Studio Solution File, Format Version 12.00
# Visual Studio Version 17
VisualStudioVersion = 17.0.31903.59
MinimumVisualStudioVersion = 10.0.40219.1
Project("{FAE04EC0-301F-11D3-BF4B-00C04F79EFBC}") = "Actly.API", "Actly.API\Actly.API.csproj", "{FEB65407-628D-45BB-ADE4-F29EA1803E80}"
EndProject
Project("{FAE04EC0-301F-11D3-BF4B-00C04F79EFBC}") = "Actly.Core", "Actly.Core\Actly.Core.csproj", "{DBDD0C35-A68F-4BA3-872B-CBBBF7070EE0}"
EndProject
Global
	GlobalSection(SolutionConfigurationPlatforms) = preSolution
		Debug|Any CPU = Debug|Any CPU
		Release|Any CPU = Release|Any CPU
	EndGlobalSection
	GlobalSection(SolutionProperties) = preSolution
		HideSolutionNode = FALSE
	EndGlobalSection
	GlobalSection(ProjectConfigurationPlatforms) = postSolution
		{FEB65407-628D-45BB-ADE4-F29EA1803E80}.Debug|Any CPU.ActiveCfg = Debug|Any CPU
		{FEB65407-628D-45BB-ADE4-F29EA1803E80}.Debug|Any CPU.Build.0 = Debug|Any CPU
		{FEB65407-628D-45BB-ADE4-F29EA1803E80}.Release|Any CPU.ActiveCfg = Release|Any CPU
		{FEB65407-628D-45BB-ADE4-F29EA1803E80}.Release|Any CPU.Build.0 = Release|Any CPU
		{DBDD0C35-A68F-4BA3-872B-CBBBF7070EE0}.Debug|Any CPU.ActiveCfg = Debug|Any CPU
		{DBDD0C35-A68F-4BA3-872B-CBBBF7070EE0}.Debug|Any CPU.Build.0 = Debug|Any CPU
		{DBDD0C35-A68F-4BA3-872B-CBBBF7070EE0}.Release|Any CPU.ActiveCfg = Release|Any CPU
		{DBDD0C35-A68F-4BA3-872B-CBBBF7070EE0}.Release|Any CPU.Build.0 = Release|Any CPU
		{EB738545-B6D6-494E-9B0E-B51BA276FB3F}.Debug|Any CPU.ActiveCfg = Debug|Any CPU
		{EB738545-B6D6-494E-9B0E-B51BA276FB3F}.Debug|Any CPU.Build.0 = Debug|Any CPU
		{EB738545-B6D6-494E-9B0E-B51BA276FB3F}.Release|Any CPU.ActiveCfg = Release|Any CPU
		{EB738545-B6D6-494E-9B0E-B51BA276FB3F}.Release|Any CPU.Build.0 = Release|Any CPU
	EndGlobalSection
EndGlobal
